
Microsoft Visual Studio Solution File, Format Version 12.00
# Visual Studio Version 17
VisualStudioVersion = 17.12.35527.113 d17.12
MinimumVisualStudioVersion = 10.0.40219.1
Project("{FAE04EC0-301F-11D3-BF4B-00C04F79EFBC}") = "1", "1.csproj", "{3B6BDB67-BD13-44CF-8AF6-F4C0AF4371AA}"
EndProject
Global
	GlobalSection(SolutionConfigurationPlatforms) = preSolution
		Debug|Any CPU = Debug|Any CPU
		Release|Any CPU = Release|Any CPU
	EndGlobalSection
	GlobalSection(ProjectConfigurationPlatforms) = postSolution
		{3B6BDB67-BD13-44CF-8AF6-F4C0AF4371AA}.Debug|Any CPU.ActiveCfg = Debug|Any CPU
		{3B6BDB67-BD13-44CF-8AF6-F4C0AF4371AA}.Debug|Any CPU.Build.0 = Debug|Any CPU
		{3B6BDB67-BD13-44CF-8AF6-F4C0AF4371AA}.Release|Any CPU.ActiveCfg = Release|Any CPU
		{3B6BDB67-BD13-44CF-8AF6-F4C0AF4371AA}.Release|Any CPU.Build.0 = Release|Any CPU
	EndGlobalSection
	GlobalSection(SolutionProperties) = preSolution
		HideSolutionNode = FALSE
	EndGlobalSection
EndGlobal
